
Microsoft Visual Studio Solution File, Format Version 12.00
# Visual Studio 15
VisualStudioVersion = 15.0.28307.960
MinimumVisualStudioVersion = 10.0.40219.1
Project("{8BC9CEB8-8B4A-11D0-8D11-00A0C91BC942}") = "ProbabilityRandom", "ProbabilityRandom\ProbabilityRandom.vcxproj", "{428B0900-300F-4A38-BA07-4588DE04910C}"
EndProject
Global
	GlobalSection(SolutionConfigurationPlatforms) = preSolution
		Debug|x64 = Debug|x64
		Debug|x86 = Debug|x86
		Release|x64 = Release|x64
		Release|x86 = Release|x86
	EndGlobalSection
	GlobalSection(ProjectConfigurationPlatforms) = postSolution
		{428B0900-300F-4A38-BA07-4588DE04910C}.Debug|x64.ActiveCfg = Debug|x64
		{428B0900-300F-4A38-BA07-4588DE04910C}.Debug|x64.Build.0 = Debug|x64
		{428B0900-300F-4A38-BA07-4588DE04910C}.Debug|x86.ActiveCfg = Debug|Win32
		{428B0900-300F-4A38-BA07-4588DE04910C}.Debug|x86.Build.0 = Debug|Win32
		{428B0900-300F-4A38-BA07-4588DE04910C}.Release|x64.ActiveCfg = Release|x64
		{428B0900-300F-4A38-BA07-4588DE04910C}.Release|x64.Build.0 = Release|x64
		{428B0900-300F-4A38-BA07-4588DE04910C}.Release|x86.ActiveCfg = Release|Win32
		{428B0900-300F-4A38-BA07-4588DE04910C}.Release|x86.Build.0 = Release|Win32
	EndGlobalSection
	GlobalSection(SolutionProperties) = preSolution
		HideSolutionNode = FALSE
	EndGlobalSection
	GlobalSection(ExtensibilityGlobals) = postSolution
		SolutionGuid = {A1E8F197-BF8F-42F6-8ADB-F88FBD4A9BD7}
	EndGlobalSection
EndGlobal
